
Microsoft Visual Studio Solution File, Format Version 12.00
# Visual Studio Version 17
VisualStudioVersion = 17.7.34031.279
MinimumVisualStudioVersion = 10.0.40219.1
Project("{FAE04EC0-301F-11D3-BF4B-00C04F79EFBC}") = "CountingSort1", "CountingSort1\CountingSort1.csproj", "{25900B32-7F0E-4656-AD87-D062869BBCB9}"
EndProject
Global
	GlobalSection(SolutionConfigurationPlatforms) = preSolution
		Debug|Any CPU = Debug|Any CPU
		Release|Any CPU = Release|Any CPU
	EndGlobalSection
	GlobalSection(ProjectConfigurationPlatforms) = postSolution
		{25900B32-7F0E-4656-AD87-D062869BBCB9}.Debug|Any CPU.ActiveCfg = Debug|Any CPU
		{25900B32-7F0E-4656-AD87-D062869BBCB9}.Debug|Any CPU.Build.0 = Debug|Any CPU
		{25900B32-7F0E-4656-AD87-D062869BBCB9}.Release|Any CPU.ActiveCfg = Release|Any CPU
		{25900B32-7F0E-4656-AD87-D062869BBCB9}.Release|Any CPU.Build.0 = Release|Any CPU
	EndGlobalSection
	GlobalSection(SolutionProperties) = preSolution
		HideSolutionNode = FALSE
	EndGlobalSection
	GlobalSection(ExtensibilityGlobals) = postSolution
		SolutionGuid = {9359335A-27C2-49D4-8A4B-FD5696B8DD9A}
	EndGlobalSection
EndGlobal
