
Microsoft Visual Studio Solution File, Format Version 12.00
# Visual Studio Version 17
VisualStudioVersion = 17.7.34031.279
MinimumVisualStudioVersion = 10.0.40219.1
Project("{FAE04EC0-301F-11D3-BF4B-00C04F79EFBC}") = "FlippingBits", "FlippingBits\FlippingBits.csproj", "{BEA537C3-F7CB-4CCA-9770-2D9EC3C752AF}"
EndProject
Global
	GlobalSection(SolutionConfigurationPlatforms) = preSolution
		Debug|Any CPU = Debug|Any CPU
		Release|Any CPU = Release|Any CPU
	EndGlobalSection
	GlobalSection(ProjectConfigurationPlatforms) = postSolution
		{BEA537C3-F7CB-4CCA-9770-2D9EC3C752AF}.Debug|Any CPU.ActiveCfg = Debug|Any CPU
		{BEA537C3-F7CB-4CCA-9770-2D9EC3C752AF}.Debug|Any CPU.Build.0 = Debug|Any CPU
		{BEA537C3-F7CB-4CCA-9770-2D9EC3C752AF}.Release|Any CPU.ActiveCfg = Release|Any CPU
		{BEA537C3-F7CB-4CCA-9770-2D9EC3C752AF}.Release|Any CPU.Build.0 = Release|Any CPU
	EndGlobalSection
	GlobalSection(SolutionProperties) = preSolution
		HideSolutionNode = FALSE
	EndGlobalSection
	GlobalSection(ExtensibilityGlobals) = postSolution
		SolutionGuid = {125B684B-D4D6-492A-94A9-B9D34E4C3F83}
	EndGlobalSection
EndGlobal
